// !$*UTF8*$!
{
	archiveVersion = 1;
	classes = {
	};
	objectVersion = 77;
	objects = {

/* Begin PBXBuildFile section */
		90389FD82E529B11007EB2F8 /* GrillTime Pro Watch App Watch App.app in Embed Watch Content */ = {isa = PBXBuildFile; fileRef = 90389FB82E529B10007EB2F8 /* GrillTime Pro Watch App Watch App.app */; settings = {ATTRIBUTES = (RemoveHeadersOnCopy, ); }; };
		90C443272E1628DB00818EC1 /* RevenueCat in Frameworks */ = {isa = PBXBuildFile; productRef = 90C443262E1628DB00818EC1 /* RevenueCat */; };
		90C443292E1628DB00818EC1 /* RevenueCatUI in Frameworks */ = {isa = PBXBuildFile; productRef = 90C443282E1628DB00818EC1 /* RevenueCatUI */; };
/* End PBXBuildFile section */

/* Begin PBXContainerItemProxy section */
		900062BF2D9899DC0067F649 /* PBXContainerItemProxy */ = {
			isa = PBXContainerItemProxy;
			containerPortal = 900062A62D9899DB0067F649 /* Project object */;
			proxyType = 1;
			remoteGlobalIDString = 900062AD2D9899DB0067F649;
			remoteInfo = "JF BBQ Timer";
		};
		900062C92D9899DC0067F649 /* PBXContainerItemProxy */ = {
			isa = PBXContainerItemProxy;
			containerPortal = 900062A62D9899DB0067F649 /* Project object */;
			proxyType = 1;
			remoteGlobalIDString = 900062AD2D9899DB0067F649;
			remoteInfo = "JF BBQ Timer";
		};
		90389FC52E529B11007EB2F8 /* PBXContainerItemProxy */ = {
			isa = PBXContainerItemProxy;
			containerPortal = 900062A62D9899DB0067F649 /* Project object */;
			proxyType = 1;
			remoteGlobalIDString = 90389FB72E529B10007EB2F8;
			remoteInfo = "GrillTime Pro Watch App Watch App";
		};
		90389FCF2E529B11007EB2F8 /* PBXContainerItemProxy */ = {
			isa = PBXContainerItemProxy;
			containerPortal = 900062A62D9899DB0067F649 /* Project object */;
			proxyType = 1;
			remoteGlobalIDString = 90389FB72E529B10007EB2F8;
			remoteInfo = "GrillTime Pro Watch App Watch App";
		};
		90389FD62E529B11007EB2F8 /* PBXContainerItemProxy */ = {
			isa = PBXContainerItemProxy;
			containerPortal = 900062A62D9899DB0067F649 /* Project object */;
			proxyType = 1;
			remoteGlobalIDString = 90389FB72E529B10007EB2F8;
			remoteInfo = "GrillTime Pro Watch App Watch App";
		};
/* End PBXContainerItemProxy section */

/* Begin PBXCopyFilesBuildPhase section */
		90389FDC2E529B11007EB2F8 /* Embed Watch Content */ = {
			isa = PBXCopyFilesBuildPhase;
			buildActionMask = 2147483647;
			dstPath = "$(CONTENTS_FOLDER_PATH)/Watch";
			dstSubfolderSpec = 16;
			files = (
				90389FD82E529B11007EB2F8 /* GrillTime Pro Watch App Watch App.app in Embed Watch Content */,
			);
			name = "Embed Watch Content";
			runOnlyForDeploymentPostprocessing = 0;
		};
/* End PBXCopyFilesBuildPhase section */

/* Begin PBXFileReference section */
		900062AE2D9899DB0067F649 /* JF BBQ Timer.app */ = {isa = PBXFileReference; explicitFileType = wrapper.application; includeInIndex = 0; path = "JF BBQ Timer.app"; sourceTree = BUILT_PRODUCTS_DIR; };
		900062BE2D9899DC0067F649 /* JF BBQ TimerTests.xctest */ = {isa = PBXFileReference; explicitFileType = wrapper.cfbundle; includeInIndex = 0; path = "JF BBQ TimerTests.xctest"; sourceTree = BUILT_PRODUCTS_DIR; };
		900062C82D9899DC0067F649 /* JF BBQ TimerUITests.xctest */ = {isa = PBXFileReference; explicitFileType = wrapper.cfbundle; includeInIndex = 0; path = "JF BBQ TimerUITests.xctest"; sourceTree = BUILT_PRODUCTS_DIR; };
		90389FB82E529B10007EB2F8 /* GrillTime Pro Watch App Watch App.app */ = {isa = PBXFileReference; explicitFileType = wrapper.application; includeInIndex = 0; path = "GrillTime Pro Watch App Watch App.app"; sourceTree = BUILT_PRODUCTS_DIR; };
		90389FC42E529B11007EB2F8 /* GrillTime Pro Watch App Watch AppTests.xctest */ = {isa = PBXFileReference; explicitFileType = wrapper.cfbundle; includeInIndex = 0; path = "GrillTime Pro Watch App Watch AppTests.xctest"; sourceTree = BUILT_PRODUCTS_DIR; };
		90389FCE2E529B11007EB2F8 /* GrillTime Pro Watch App Watch AppUITests.xctest */ = {isa = PBXFileReference; explicitFileType = wrapper.cfbundle; includeInIndex = 0; path = "GrillTime Pro Watch App Watch AppUITests.xctest"; sourceTree = BUILT_PRODUCTS_DIR; };
/* End PBXFileReference section */

/* Begin PBXFileSystemSynchronizedBuildFileExceptionSet section */
		9038A1E42E52C172007EB2F8 /* Exceptions for "JF BBQ Timer" folder in "GrillTime Pro Watch App Watch App" target */ = {
			isa = PBXFileSystemSynchronizedBuildFileExceptionSet;
			membershipExceptions = (
				WCSessionManager.swift,
			);
			target = 90389FB72E529B10007EB2F8 /* GrillTime Pro Watch App Watch App */;
		};
		90651F9A2E47FCBA00440975 /* Exceptions for "JF BBQ Timer" folder in "JF BBQ Timer" target */ = {
			isa = PBXFileSystemSynchronizedBuildFileExceptionSet;
			membershipExceptions = (
				"JF BBQ TimerUITests/JF_BBQ_TimerUITests.swift",
			);
			target = 900062AD2D9899DB0067F649 /* JF BBQ Timer */;
		};
		90DA80452FE87E9C0057C60C /* Exceptions for "GrillTime Pro Watch App Watch App" folder in "GrillTime Pro Watch App Watch App" target */ = {
			isa = PBXFileSystemSynchronizedBuildFileExceptionSet;
			membershipExceptions = (
				"GrillTime-Pro-Watch-App-Watch-App-Info.plist",
			);
			target = 90389FB72E529B10007EB2F8 /* GrillTime Pro Watch App Watch App */;
		};
/* End PBXFileSystemSynchronizedBuildFileExceptionSet section */

/* Begin PBXFileSystemSynchronizedRootGroup section */
		900062B02D9899DB0067F649 /* JF BBQ Timer */ = {
			isa = PBXFileSystemSynchronizedRootGroup;
			exceptions = (
				90651F9A2E47FCBA00440975 /* Exceptions for "JF BBQ Timer" folder in "JF BBQ Timer" target */,
				9038A1E42E52C172007EB2F8 /* Exceptions for "JF BBQ Timer" folder in "GrillTime Pro Watch App Watch App" target */,
			);
			path = "JF BBQ Timer";
			sourceTree = "<group>";
		};
		900062C12D9899DC0067F649 /* JF BBQ TimerTests */ = {
			isa = PBXFileSystemSynchronizedRootGroup;
			path = "JF BBQ TimerTests";
			sourceTree = "<group>";
		};
		900062CB2D9899DC0067F649 /* JF BBQ TimerUITests */ = {
			isa = PBXFileSystemSynchronizedRootGroup;
			path = "JF BBQ TimerUITests";
			sourceTree = "<group>";
		};
		90389FB92E529B10007EB2F8 /* GrillTime Pro Watch App Watch App */ = {
			isa = PBXFileSystemSynchronizedRootGroup;
			exceptions = (
				90DA80452FE87E9C0057C60C /* Exceptions for "GrillTime Pro Watch App Watch App" folder in "GrillTime Pro Watch App Watch App" target */,
			);
			path = "GrillTime Pro Watch App Watch App";
			sourceTree = "<group>";
		};
		90389FC72E529B11007EB2F8 /* GrillTime Pro Watch App Watch AppTests */ = {
			isa = PBXFileSystemSynchronizedRootGroup;
			path = "GrillTime Pro Watch App Watch AppTests";
			sourceTree = "<group>";
		};
		90389FD12E529B11007EB2F8 /* GrillTime Pro Watch App Watch AppUITests */ = {
			isa = PBXFileSystemSynchronizedRootGroup;
			path = "GrillTime Pro Watch App Watch AppUITests";
			sourceTree = "<group>";
		};
/* End PBXFileSystemSynchronizedRootGroup section */

/* Begin PBXFrameworksBuildPhase section */
		900062AB2D9899DB0067F649 /* Frameworks */ = {
			isa = PBXFrameworksBuildPhase;
			buildActionMask = 2147483647;
			files = (
				90C443292E1628DB00818EC1 /* RevenueCatUI in Frameworks */,
				90C443272E1628DB00818EC1 /* RevenueCat in Frameworks */,
			);
			runOnlyForDeploymentPostprocessing = 0;
		};
		900062BB2D9899DC0067F649 /* Frameworks */ = {
			isa = PBXFrameworksBuildPhase;
			buildActionMask = 2147483647;
			files = (
			);
			runOnlyForDeploymentPostprocessing = 0;
		};
		900062C52D9899DC0067F649 /* Frameworks */ = {
			isa = PBXFrameworksBuildPhase;
			buildActionMask = 2147483647;
			files = (
			);
			runOnlyForDeploymentPostprocessing = 0;
		};
		90389FB52E529B10007EB2F8 /* Frameworks */ = {
			isa = PBXFrameworksBuildPhase;
			buildActionMask = 2147483647;
			files = (
			);
			runOnlyForDeploymentPostprocessing = 0;
		};
		90389FC12E529B11007EB2F8 /* Frameworks */ = {
			isa = PBXFrameworksBuildPhase;
			buildActionMask = 2147483647;
			files = (
			);
			runOnlyForDeploymentPostprocessing = 0;
		};
		90389FCB2E529B11007EB2F8 /* Frameworks */ = {
			isa = PBXFrameworksBuildPhase;
			buildActionMask = 2147483647;
			files = (
			);
			runOnlyForDeploymentPostprocessing = 0;
		};
/* End PBXFrameworksBuildPhase section */

/* Begin PBXGroup section */
		900062A52D9899DB0067F649 = {
			isa = PBXGroup;
			children = (
				900062B02D9899DB0067F649 /* JF BBQ Timer */,
				900062C12D9899DC0067F649 /* JF BBQ TimerTests */,
				900062CB2D9899DC0067F649 /* JF BBQ TimerUITests */,
				90389FB92E529B10007EB2F8 /* GrillTime Pro Watch App Watch App */,
				90389FC72E529B11007EB2F8 /* GrillTime Pro Watch App Watch AppTests */,
				90389FD12E529B11007EB2F8 /* GrillTime Pro Watch App Watch AppUITests */,
				90F5D0012E60AAA000000001 /* Shared */,
				900062AF2D9899DB0067F649 /* Products */,
			);
			sourceTree = "<group>";
		};
		900062AF2D9899DB0067F649 /* Products */ = {
			isa = PBXGroup;
			children = (
				900062AE2D9899DB0067F649 /* JF BBQ Timer.app */,
				900062BE2D9899DC0067F649 /* JF BBQ TimerTests.xctest */,
				900062C82D9899DC0067F649 /* JF BBQ TimerUITests.xctest */,
				90389FB82E529B10007EB2F8 /* GrillTime Pro Watch App Watch App.app */,
				90389FC42E529B11007EB2F8 /* GrillTime Pro Watch App Watch AppTests.xctest */,
				90389FCE2E529B11007EB2F8 /* GrillTime Pro Watch App Watch AppUITests.xctest */,
			);
			name = Products;
			sourceTree = "<group>";
		};
		90F5D0012E60AAA000000001 /* Shared */ = {
			isa = PBXGroup;
			children = (
			);
			path = Shared;
			sourceTree = "<group>";
		};
/* End PBXGroup section */

/* Begin PBXNativeTarget section */
		900062AD2D9899DB0067F649 /* JF BBQ Timer */ = {
			isa = PBXNativeTarget;
			buildConfigurationList = 900062D22D9899DC0067F649 /* Build configuration list for PBXNativeTarget "JF BBQ Timer" */;
			buildPhases = (
				900062AA2D9899DB0067F649 /* Sources */,
				900062AB2D9899DB0067F649 /* Frameworks */,
				900062AC2D9899DB0067F649 /* Resources */,
				90389FDC2E529B11007EB2F8 /* Embed Watch Content */,
			);
			buildRules = (
			);
			dependencies = (
				90389FD72E529B11007EB2F8 /* PBXTargetDependency */,
			);
			fileSystemSynchronizedGroups = (
				900062B02D9899DB0067F649 /* JF BBQ Timer */,
			);
			name = "JF BBQ Timer";
			packageProductDependencies = (
				90C443262E1628DB00818EC1 /* RevenueCat */,
				90C443282E1628DB00818EC1 /* RevenueCatUI */,
			);
			productName = "JF BBQ Timer";
			productReference = 900062AE2D9899DB0067F649 /* JF BBQ Timer.app */;
			productType = "com.apple.product-type.application";
		};
		900062BD2D9899DC0067F649 /* JF BBQ TimerTests */ = {
			isa = PBXNativeTarget;
			buildConfigurationList = 900062D52D9899DC0067F649 /* Build configuration list for PBXNativeTarget "JF BBQ TimerTests" */;
			buildPhases = (
				900062BA2D9899DC0067F649 /* Sources */,
				900062BB2D9899DC0067F649 /* Frameworks */,
				900062BC2D9899DC0067F649 /* Resources */,
			);
			buildRules = (
			);
			dependencies = (
				900062C02D9899DC0067F649 /* PBXTargetDependency */,
			);
			fileSystemSynchronizedGroups = (
				900062C12D9899DC0067F649 /* JF BBQ TimerTests */,
			);
			name = "JF BBQ TimerTests";
			packageProductDependencies = (
			);
			productName = "JF BBQ TimerTests";
			productReference = 900062BE2D9899DC0067F649 /* JF BBQ TimerTests.xctest */;
			productType = "com.apple.product-type.bundle.unit-test";
		};
		900062C72D9899DC0067F649 /* JF BBQ TimerUITests */ = {
			isa = PBXNativeTarget;
			buildConfigurationList = 900062D82D9899DC0067F649 /* Build configuration list for PBXNativeTarget "JF BBQ TimerUITests" */;
			buildPhases = (
				900062C42D9899DC0067F649 /* Sources */,
				900062C52D9899DC0067F649 /* Frameworks */,
				900062C62D9899DC0067F649 /* Resources */,
			);
			buildRules = (
			);
			dependencies = (
				900062CA2D9899DC0067F649 /* PBXTargetDependency */,
			);
			fileSystemSynchronizedGroups = (
				900062CB2D9899DC0067F649 /* JF BBQ TimerUITests */,
			);
			name = "JF BBQ TimerUITests";
			packageProductDependencies = (
			);
			productName = "JF BBQ TimerUITests";
			productReference = 900062C82D9899DC0067F649 /* JF BBQ TimerUITests.xctest */;
			productType = "com.apple.product-type.bundle.ui-testing";
		};
		90389FB72E529B10007EB2F8 /* GrillTime Pro Watch App Watch App */ = {
			isa = PBXNativeTarget;
			buildConfigurationList = 90389FD92E529B11007EB2F8 /* Build configuration list for PBXNativeTarget "GrillTime Pro Watch App Watch App" */;
			buildPhases = (
				90389FB42E529B10007EB2F8 /* Sources */,
				90389FB52E529B10007EB2F8 /* Frameworks */,
				90389FB62E529B10007EB2F8 /* Resources */,
			);
			buildRules = (
			);
			dependencies = (
			);
			fileSystemSynchronizedGroups = (
				90389FB92E529B10007EB2F8 /* GrillTime Pro Watch App Watch App */,
			);
			name = "GrillTime Pro Watch App Watch App";
			packageProductDependencies = (
			);
			productName = "GrillTime Pro Watch App Watch App";
			productReference = 90389FB82E529B10007EB2F8 /* GrillTime Pro Watch App Watch App.app */;
			productType = "com.apple.product-type.application";
		};
		90389FC32E529B11007EB2F8 /* GrillTime Pro Watch App Watch AppTests */ = {
			isa = PBXNativeTarget;
			buildConfigurationList = 90389FDD2E529B11007EB2F8 /* Build configuration list for PBXNativeTarget "GrillTime Pro Watch App Watch AppTests" */;
			buildPhases = (
				90389FC02E529B11007EB2F8 /* Sources */,
				90389FC12E529B11007EB2F8 /* Frameworks */,
				90389FC22E529B11007EB2F8 /* Resources */,
			);
			buildRules = (
			);
			dependencies = (
				90389FC62E529B11007EB2F8 /* PBXTargetDependency */,
			);
			fileSystemSynchronizedGroups = (
				90389FC72E529B11007EB2F8 /* GrillTime Pro Watch App Watch AppTests */,
			);
			name = "GrillTime Pro Watch App Watch AppTests";
			packageProductDependencies = (
			);
			productName = "GrillTime Pro Watch App Watch AppTests";
			productReference = 90389FC42E529B11007EB2F8 /* GrillTime Pro Watch App Watch AppTests.xctest */;
			productType = "com.apple.product-type.bundle.unit-test";
		};
		90389FCD2E529B11007EB2F8 /* GrillTime Pro Watch App Watch AppUITests */ = {
			isa = PBXNativeTarget;
			buildConfigurationList = 90389FE02E529B11007EB2F8 /* Build configuration list for PBXNativeTarget "GrillTime Pro Watch App Watch AppUITests" */;
			buildPhases = (
				90389FCA2E529B11007EB2F8 /* Sources */,
				90389FCB2E529B11007EB2F8 /* Frameworks */,
				90389FCC2E529B11007EB2F8 /* Resources */,
			);
			buildRules = (
			);
			dependencies = (
				90389FD02E529B11007EB2F8 /* PBXTargetDependency */,
			);
			fileSystemSynchronizedGroups = (
				90389FD12E529B11007EB2F8 /* GrillTime Pro Watch App Watch AppUITests */,
			);
			name = "GrillTime Pro Watch App Watch AppUITests";
			packageProductDependencies = (
			);
			productName = "GrillTime Pro Watch App Watch AppUITests";
			productReference = 90389FCE2E529B11007EB2F8 /* GrillTime Pro Watch App Watch AppUITests.xctest */;
			productType = "com.apple.product-type.bundle.ui-testing";
		};
/* End PBXNativeTarget section */

/* Begin PBXProject section */
		900062A62D9899DB0067F649 /* Project object */ = {
			isa = PBXProject;
			attributes = {
				BuildIndependentTargetsInParallel = 1;
				LastSwiftUpdateCheck = 1640;
				LastUpgradeCheck = 1630;
				TargetAttributes = {
					900062AD2D9899DB0067F649 = {
						CreatedOnToolsVersion = 16.2;
					};
					900062BD2D9899DC0067F649 = {
						CreatedOnToolsVersion = 16.2;
						TestTargetID = 900062AD2D9899DB0067F649;
					};
					900062C72D9899DC0067F649 = {
						CreatedOnToolsVersion = 16.2;
						TestTargetID = 900062AD2D9899DB0067F649;
					};
					90389FB72E529B10007EB2F8 = {
						CreatedOnToolsVersion = 16.4;
					};
					90389FC32E529B11007EB2F8 = {
						CreatedOnToolsVersion = 16.4;
						TestTargetID = 90389FB72E529B10007EB2F8;
					};
					90389FCD2E529B11007EB2F8 = {
						CreatedOnToolsVersion = 16.4;
						TestTargetID = 90389FB72E529B10007EB2F8;
					};
				};
			};
			buildConfigurationList = 900062A92D9899DB0067F649 /* Build configuration list for PBXProject "JF BBQ Timer" */;
			developmentRegion = en;
			hasScannedForEncodings = 0;
			knownRegions = (
				en,
				Base,
			);
			mainGroup = 900062A52D9899DB0067F649;
			minimizedProjectReferenceProxies = 1;
			packageReferences = (
				90C443252E1628DB00818EC1 /* XCRemoteSwiftPackageReference "purchases-ios-spm" */,
			);
			preferredProjectObjectVersion = 77;
			productRefGroup = 900062AF2D9899DB0067F649 /* Products */;
			projectDirPath = "";
			projectRoot = "";
			targets = (
				900062AD2D9899DB0067F649 /* JF BBQ Timer */,
				900062BD2D9899DC0067F649 /* JF BBQ TimerTests */,
				900062C72D9899DC0067F649 /* JF BBQ TimerUITests */,
				90389FB72E529B10007EB2F8 /* GrillTime Pro Watch App Watch App */,
				90389FC32E529B11007EB2F8 /* GrillTime Pro Watch App Watch AppTests */,
				90389FCD2E529B11007EB2F8 /* GrillTime Pro Watch App Watch AppUITests */,
			);
		};
/* End PBXProject section */

/* Begin PBXResourcesBuildPhase section */
		900062AC2D9899DB0067F649 /* Resources */ = {
			isa = PBXResourcesBuildPhase;
			buildActionMask = 2147483647;
			files = (
			);
			runOnlyForDeploymentPostprocessing = 0;
		};
		900062BC2D9899DC0067F649 /* Resources */ = {
			isa = PBXResourcesBuildPhase;
			buildActionMask = 2147483647;
			files = (
			);
			runOnlyForDeploymentPostprocessing = 0;
		};
		900062C62D9899DC0067F649 /* Resources */ = {
			isa = PBXResourcesBuildPhase;
			buildActionMask = 2147483647;
			files = (
			);
			runOnlyForDeploymentPostprocessing = 0;
		};
		90389FB62E529B10007EB2F8 /* Resources */ = {
			isa = PBXResourcesBuildPhase;
			buildActionMask = 2147483647;
			files = (
			);
			runOnlyForDeploymentPostprocessing = 0;
		};
		90389FC22E529B11007EB2F8 /* Resources */ = {
			isa = PBXResourcesBuildPhase;
			buildActionMask = 2147483647;
			files = (
			);
			runOnlyForDeploymentPostprocessing = 0;
		};
		90389FCC2E529B11007EB2F8 /* Resources */ = {
			isa = PBXResourcesBuildPhase;
			buildActionMask = 2147483647;
			files = (
			);
			runOnlyForDeploymentPostprocessing = 0;
		};
/* End PBXResourcesBuildPhase section */

/* Begin PBXSourcesBuildPhase section */
		900062AA2D9899DB0067F649 /* Sources */ = {
			isa = PBXSourcesBuildPhase;
			buildActionMask = 2147483647;
			files = (
			);
			runOnlyForDeploymentPostprocessing = 0;
		};
		900062BA2D9899DC0067F649 /* Sources */ = {
			isa = PBXSourcesBuildPhase;
			buildActionMask = 2147483647;
			files = (
			);
			runOnlyForDeploymentPostprocessing = 0;
		};
		900062C42D9899DC0067F649 /* Sources */ = {
			isa = PBXSourcesBuildPhase;
			buildActionMask = 2147483647;
			files = (
			);
			runOnlyForDeploymentPostprocessing = 0;
		};
		90389FB42E529B10007EB2F8 /* Sources */ = {
			isa = PBXSourcesBuildPhase;
			buildActionMask = 2147483647;
			files = (
			);
			runOnlyForDeploymentPostprocessing = 0;
		};
		90389FC02E529B11007EB2F8 /* Sources */ = {
			isa = PBXSourcesBuildPhase;
			buildActionMask = 2147483647;
			files = (
			);
			runOnlyForDeploymentPostprocessing = 0;
		};
		90389FCA2E529B11007EB2F8 /* Sources */ = {
			isa = PBXSourcesBuildPhase;
			buildActionMask = 2147483647;
			files = (
			);
			runOnlyForDeploymentPostprocessing = 0;
		};
/* End PBXSourcesBuildPhase section */

/* Begin PBXTargetDependency section */
		900062C02D9899DC0067F649 /* PBXTargetDependency */ = {
			isa = PBXTargetDependency;
			target = 900062AD2D9899DB0067F649 /* JF BBQ Timer */;
			targetProxy = 900062BF2D9899DC0067F649 /* PBXContainerItemProxy */;
		};
		900062CA2D9899DC0067F649 /* PBXTargetDependency */ = {
			isa = PBXTargetDependency;
			target = 900062AD2D9899DB0067F649 /* JF BBQ Timer */;
			targetProxy = 900062C92D9899DC0067F649 /* PBXContainerItemProxy */;
		};
		90389FC62E529B11007EB2F8 /* PBXTargetDependency */ = {
			isa = PBXTargetDependency;
			target = 90389FB72E529B10007EB2F8 /* GrillTime Pro Watch App Watch App */;
			targetProxy = 90389FC52E529B11007EB2F8 /* PBXContainerItemProxy */;
		};
		90389FD02E529B11007EB2F8 /* PBXTargetDependency */ = {
			isa = PBXTargetDependency;
			target = 90389FB72E529B10007EB2F8 /* GrillTime Pro Watch App Watch App */;
			targetProxy = 90389FCF2E529B11007EB2F8 /* PBXContainerItemProxy */;
		};
		90389FD72E529B11007EB2F8 /* PBXTargetDependency */ = {
			isa = PBXTargetDependency;
			target = 90389FB72E529B10007EB2F8 /* GrillTime Pro Watch App Watch App */;
			targetProxy = 90389FD62E529B11007EB2F8 /* PBXContainerItemProxy */;
		};
/* End PBXTargetDependency section */

/* Begin XCBuildConfiguration section */
		900062D02D9899DC0067F649 /* Debug */ = {
			isa = XCBuildConfiguration;
			buildSettings = {
				ALWAYS_SEARCH_USER_PATHS = NO;
				ASSETCATALOG_COMPILER_GENERATE_SWIFT_ASSET_SYMBOL_EXTENSIONS = YES;
				CLANG_ANALYZER_NONNULL = YES;
				CLANG_ANALYZER_NUMBER_OBJECT_CONVERSION = YES_AGGRESSIVE;
				CLANG_CXX_LANGUAGE_STANDARD = "gnu++20";
				CLANG_ENABLE_MODULES = YES;
				CLANG_ENABLE_OBJC_ARC = YES;
				CLANG_ENABLE_OBJC_WEAK = YES;
				CLANG_WARN_BLOCK_CAPTURE_AUTORELEASING = YES;
				CLANG_WARN_BOOL_CONVERSION = YES;
				CLANG_WARN_COMMA = YES;
				CLANG_WARN_CONSTANT_CONVERSION = YES;
				CLANG_WARN_DEPRECATED_OBJC_IMPLEMENTATIONS = YES;
				CLANG_WARN_DIRECT_OBJC_ISA_USAGE = YES_ERROR;
				CLANG_WARN_DOCUMENTATION_COMMENTS = YES;
				CLANG_WARN_EMPTY_BODY = YES;
				CLANG_WARN_ENUM_CONVERSION = YES;
				CLANG_WARN_INFINITE_RECURSION = YES;
				CLANG_WARN_INT_CONVERSION = YES;
				CLANG_WARN_NON_LITERAL_NULL_CONVERSION = YES;
				CLANG_WARN_OBJC_IMPLICIT_RETAIN_SELF = YES;
				CLANG_WARN_OBJC_LITERAL_CONVERSION = YES;
				CLANG_WARN_OBJC_ROOT_CLASS = YES_ERROR;
				CLANG_WARN_QUOTED_INCLUDE_IN_FRAMEWORK_HEADER = YES;
				CLANG_WARN_RANGE_LOOP_ANALYSIS = YES;
				CLANG_WARN_STRICT_PROTOTYPES = YES;
				CLANG_WARN_SUSPICIOUS_MOVE = YES;
				CLANG_WARN_UNGUARDED_AVAILABILITY = YES_AGGRESSIVE;
				CLANG_WARN_UNREACHABLE_CODE = YES;
				CLANG_WARN__DUPLICATE_METHOD_MATCH = YES;
				COPY_PHASE_STRIP = NO;
				DEBUG_INFORMATION_FORMAT = dwarf;
				DEVELOPMENT_TEAM = CAVPE6S7T3;
				ENABLE_STRICT_OBJC_MSGSEND = YES;
				ENABLE_TESTABILITY = YES;
				ENABLE_USER_SCRIPT_SANDBOXING = YES;
				GCC_C_LANGUAGE_STANDARD = gnu17;
				GCC_DYNAMIC_NO_PIC = NO;
				GCC_NO_COMMON_BLOCKS = YES;
				GCC_OPTIMIZATION_LEVEL = 0;
				GCC_PREPROCESSOR_DEFINITIONS = (
					"DEBUG=1",
					"$(inherited)",
				);
				GCC_WARN_64_TO_32_BIT_CONVERSION = YES;
				GCC_WARN_ABOUT_RETURN_TYPE = YES_ERROR;
				GCC_WARN_UNDECLARED_SELECTOR = YES;
				GCC_WARN_UNINITIALIZED_AUTOS = YES_AGGRESSIVE;
				GCC_WARN_UNUSED_FUNCTION = YES;
				GCC_WARN_UNUSED_VARIABLE = YES;
				IPHONEOS_DEPLOYMENT_TARGET = 18.2;
				LOCALIZATION_PREFERS_STRING_CATALOGS = YES;
				MTL_ENABLE_DEBUG_INFO = INCLUDE_SOURCE;
				MTL_FAST_MATH = YES;
				ONLY_ACTIVE_ARCH = YES;
				SDKROOT = iphoneos;
				SWIFT_ACTIVE_COMPILATION_CONDITIONS = "DEBUG $(inherited)";
				SWIFT_OPTIMIZATION_LEVEL = "-Onone";
			};
			name = Debug;
		};
		900062D12D9899DC0067F649 /* Release */ = {
			isa = XCBuildConfiguration;
			buildSettings = {
				ALWAYS_SEARCH_USER_PATHS = NO;
				ASSETCATALOG_COMPILER_GENERATE_SWIFT_ASSET_SYMBOL_EXTENSIONS = YES;
				CLANG_ANALYZER_NONNULL = YES;
				CLANG_ANALYZER_NUMBER_OBJECT_CONVERSION = YES_AGGRESSIVE;
				CLANG_CXX_LANGUAGE_STANDARD = "gnu++20";
				CLANG_ENABLE_MODULES = YES;
				CLANG_ENABLE_OBJC_ARC = YES;
				CLANG_ENABLE_OBJC_WEAK = YES;
				CLANG_WARN_BLOCK_CAPTURE_AUTORELEASING = YES;
				CLANG_WARN_BOOL_CONVERSION = YES;
				CLANG_WARN_COMMA = YES;
				CLANG_WARN_CONSTANT_CONVERSION = YES;
				CLANG_WARN_DEPRECATED_OBJC_IMPLEMENTATIONS = YES;
				CLANG_WARN_DIRECT_OBJC_ISA_USAGE = YES_ERROR;
				CLANG_WARN_DOCUMENTATION_COMMENTS = YES;
				CLANG_WARN_EMPTY_BODY = YES;
				CLANG_WARN_ENUM_CONVERSION = YES;
				CLANG_WARN_INFINITE_RECURSION = YES;
				CLANG_WARN_INT_CONVERSION = YES;
				CLANG_WARN_NON_LITERAL_NULL_CONVERSION = YES;
				CLANG_WARN_OBJC_IMPLICIT_RETAIN_SELF = YES;
				CLANG_WARN_OBJC_LITERAL_CONVERSION = YES;
				CLANG_WARN_OBJC_ROOT_CLASS = YES_ERROR;
				CLANG_WARN_QUOTED_INCLUDE_IN_FRAMEWORK_HEADER = YES;
				CLANG_WARN_RANGE_LOOP_ANALYSIS = YES;
				CLANG_WARN_STRICT_PROTOTYPES = YES;
				CLANG_WARN_SUSPICIOUS_MOVE = YES;
				CLANG_WARN_UNGUARDED_AVAILABILITY = YES_AGGRESSIVE;
				CLANG_WARN_UNREACHABLE_CODE = YES;
				CLANG_WARN__DUPLICATE_METHOD_MATCH = YES;
				COPY_PHASE_STRIP = NO;
				DEBUG_INFORMATION_FORMAT = "dwarf-with-dsym";
				DEVELOPMENT_TEAM = CAVPE6S7T3;
				ENABLE_NS_ASSERTIONS = NO;
				ENABLE_STRICT_OBJC_MSGSEND = YES;
				ENABLE_USER_SCRIPT_SANDBOXING = YES;
				GCC_C_LANGUAGE_STANDARD = gnu17;
				GCC_NO_COMMON_BLOCKS = YES;
				GCC_WARN_64_TO_32_BIT_CONVERSION = YES;
				GCC_WARN_ABOUT_RETURN_TYPE = YES_ERROR;
				GCC_WARN_UNDECLARED_SELECTOR = YES;
				GCC_WARN_UNINITIALIZED_AUTOS = YES_AGGRESSIVE;
				GCC_WARN_UNUSED_FUNCTION = YES;
				GCC_WARN_UNUSED_VARIABLE = YES;
				IPHONEOS_DEPLOYMENT_TARGET = 18.2;
				LOCALIZATION_PREFERS_STRING_CATALOGS = YES;
				MTL_ENABLE_DEBUG_INFO = NO;
				MTL_FAST_MATH = YES;
				SDKROOT = iphoneos;
				SWIFT_COMPILATION_MODE = wholemodule;
				VALIDATE_PRODUCT = YES;
			};
			name = Release;
		};
		900062D32D9899DC0067F649 /* Debug */ = {
			isa = XCBuildConfiguration;
			buildSettings = {
				ASSETCATALOG_COMPILER_APPICON_NAME = AppIcon;
				ASSETCATALOG_COMPILER_GLOBAL_ACCENT_COLOR_NAME = AccentColor;
				CODE_SIGN_ENTITLEMENTS = "JF BBQ Timer/JF BBQ Timer.entitlements";
				CODE_SIGN_IDENTITY = "Apple Development";
				CODE_SIGN_STYLE = Automatic;
				CURRENT_PROJECT_VERSION = 13;
				DEVELOPMENT_ASSET_PATHS = "\"JF BBQ Timer/Preview Content\"";
				DEVELOPMENT_TEAM = CAVPE6S7T3;
				ENABLE_PREVIEWS = YES;
				GENERATE_INFOPLIST_FILE = YES;
				INFOPLIST_FILE = "JF-BBQ-Timer-Info.plist";
				INFOPLIST_KEY_CFBundleDisplayName = "GrillTime Pro";
				INFOPLIST_KEY_LSApplicationCategoryType = "public.app-category.lifestyle";
				INFOPLIST_KEY_NSBluetoothAlwaysUsageDescription = "Grill Time Pro connects to your Combustion temperature probe to show live cooking temperatures.";
				INFOPLIST_KEY_UIApplicationSupportsIndirectInputEvents = YES;
				INFOPLIST_KEY_UILaunchStoryboardName = LaunchScreen.storyboard;
				INFOPLIST_KEY_UIStatusBarStyle = UIStatusBarStyleLightContent;
				INFOPLIST_KEY_UISupportedInterfaceOrientations = "UIInterfaceOrientationPortrait UIInterfaceOrientationPortrait";
				IPHONEOS_DEPLOYMENT_TARGET = 16.6;
				LD_RUNPATH_SEARCH_PATHS = (
					"$(inherited)",
					"@executable_path/Frameworks",
				);
				MARKETING_VERSION = 2.0;
				NEW_SETTING = "";
				PRODUCT_BUNDLE_IDENTIFIER = com.jamesfarruggia.jfbbqtimer.dev;
				PRODUCT_NAME = "$(TARGET_NAME)";
				PROVISIONING_PROFILE_SPECIFIER = "";
				SWIFT_EMIT_LOC_STRINGS = YES;
				SWIFT_VERSION = 5.0;
				TARGETED_DEVICE_FAMILY = 1;
				VERSIONING_SYSTEM = "apple-generic";
			};
			name = Debug;
		};
		900062D42D9899DC0067F649 /* Release */ = {
			isa = XCBuildConfiguration;
			buildSettings = {
				ASSETCATALOG_COMPILER_APPICON_NAME = AppIcon;
				ASSETCATALOG_COMPILER_GLOBAL_ACCENT_COLOR_NAME = AccentColor;
				CODE_SIGN_ENTITLEMENTS = "JF BBQ Timer/JF BBQ Timer.entitlements";
				CODE_SIGN_IDENTITY = "Apple Development";
				CODE_SIGN_STYLE = Automatic;
				CURRENT_PROJECT_VERSION = 13;
				DEVELOPMENT_ASSET_PATHS = "\"JF BBQ Timer/Preview Content\"";
				DEVELOPMENT_TEAM = CAVPE6S7T3;
				ENABLE_PREVIEWS = YES;
				GENERATE_INFOPLIST_FILE = YES;
				INFOPLIST_FILE = "JF-BBQ-Timer-Info.plist";
				INFOPLIST_KEY_CFBundleDisplayName = "GrillTime Pro";
				INFOPLIST_KEY_LSApplicationCategoryType = "public.app-category.lifestyle";
				INFOPLIST_KEY_NSBluetoothAlwaysUsageDescription = "Grill Time Pro connects to your Combustion temperature probe to show live cooking temperatures.";
				INFOPLIST_KEY_UIApplicationSupportsIndirectInputEvents = YES;
				INFOPLIST_KEY_UILaunchStoryboardName = LaunchScreen.storyboard;
				INFOPLIST_KEY_UIStatusBarStyle = UIStatusBarStyleLightContent;
				INFOPLIST_KEY_UISupportedInterfaceOrientations = "UIInterfaceOrientationPortrait UIInterfaceOrientationPortrait";
				IPHONEOS_DEPLOYMENT_TARGET = 16.6;
				LD_RUNPATH_SEARCH_PATHS = (
					"$(inherited)",
					"@executable_path/Frameworks",
				);
				MARKETING_VERSION = 2.0;
				NEW_SETTING = "";
				PRODUCT_BUNDLE_IDENTIFIER = com.jamesfarruggia.jfbbqtimer.dev;
				PRODUCT_NAME = "$(TARGET_NAME)";
				PROVISIONING_PROFILE_SPECIFIER = "";
				SWIFT_EMIT_LOC_STRINGS = YES;
				SWIFT_VERSION = 5.0;
				TARGETED_DEVICE_FAMILY = 1;
				VERSIONING_SYSTEM = "apple-generic";
			};
			name = Release;
		};
		900062D62D9899DC0067F649 /* Debug */ = {
			isa = XCBuildConfiguration;
			buildSettings = {
				BUNDLE_LOADER = "$(TEST_HOST)";
				CODE_SIGN_STYLE = Automatic;
				CURRENT_PROJECT_VERSION = 5;
				GENERATE_INFOPLIST_FILE = YES;
				IPHONEOS_DEPLOYMENT_TARGET = 18.2;
				MARKETING_VERSION = 1.0;
				PRODUCT_BUNDLE_IDENTIFIER = "com.jamesfarruggia.JF-BBQ-TimerTests";
				PRODUCT_NAME = "$(TARGET_NAME)";
				SWIFT_EMIT_LOC_STRINGS = NO;
				SWIFT_VERSION = 5.0;
				TARGETED_DEVICE_FAMILY = "1,2";
				TEST_HOST = "$(BUILT_PRODUCTS_DIR)/JF BBQ Timer.app/$(BUNDLE_EXECUTABLE_FOLDER_PATH)/JF BBQ Timer";
			};
			name = Debug;
		};
		900062D72D9899DC0067F649 /* Release */ = {
			isa = XCBuildConfiguration;
			buildSettings = {
				BUNDLE_LOADER = "$(TEST_HOST)";
				CODE_SIGN_STYLE = Automatic;
				CURRENT_PROJECT_VERSION = 5;
				GENERATE_INFOPLIST_FILE = YES;
				IPHONEOS_DEPLOYMENT_TARGET = 18.2;
				MARKETING_VERSION = 1.0;
				PRODUCT_BUNDLE_IDENTIFIER = "com.jamesfarruggia.JF-BBQ-TimerTests";
				PRODUCT_NAME = "$(TARGET_NAME)";
				SWIFT_EMIT_LOC_STRINGS = NO;
				SWIFT_VERSION = 5.0;
				TARGETED_DEVICE_FAMILY = "1,2";
				TEST_HOST = "$(BUILT_PRODUCTS_DIR)/JF BBQ Timer.app/$(BUNDLE_EXECUTABLE_FOLDER_PATH)/JF BBQ Timer";
			};
			name = Release;
		};
		900062D92D9899DC0067F649 /* Debug */ = {
			isa = XCBuildConfiguration;
			buildSettings = {
				CODE_SIGN_STYLE = Automatic;
				CURRENT_PROJECT_VERSION = 5;
				GENERATE_INFOPLIST_FILE = YES;
				MARKETING_VERSION = 1.0;
				PRODUCT_BUNDLE_IDENTIFIER = "com.jamesfarruggia.JF-BBQ-TimerUITests";
				PRODUCT_NAME = "$(TARGET_NAME)";
				SWIFT_EMIT_LOC_STRINGS = NO;
				SWIFT_VERSION = 5.0;
				TARGETED_DEVICE_FAMILY = "1,2";
				TEST_TARGET_NAME = "JF BBQ Timer";
			};
			name = Debug;
		};
		900062DA2D9899DC0067F649 /* Release */ = {
			isa = XCBuildConfiguration;
			buildSettings = {
				CODE_SIGN_STYLE = Automatic;
				CURRENT_PROJECT_VERSION = 5;
				GENERATE_INFOPLIST_FILE = YES;
				MARKETING_VERSION = 1.0;
				PRODUCT_BUNDLE_IDENTIFIER = "com.jamesfarruggia.JF-BBQ-TimerUITests";
				PRODUCT_NAME = "$(TARGET_NAME)";
				SWIFT_EMIT_LOC_STRINGS = NO;
				SWIFT_VERSION = 5.0;
				TARGETED_DEVICE_FAMILY = "1,2";
				TEST_TARGET_NAME = "JF BBQ Timer";
			};
			name = Release;
		};
		90389FDA2E529B11007EB2F8 /* Debug */ = {
			isa = XCBuildConfiguration;
			buildSettings = {
				ASSETCATALOG_COMPILER_APPICON_NAME = AppIcon;
				ASSETCATALOG_COMPILER_GLOBAL_ACCENT_COLOR_NAME = AccentColor;
				CODE_SIGN_STYLE = Automatic;
				CURRENT_PROJECT_VERSION = 13;
				DEVELOPMENT_TEAM = CAVPE6S7T3;
				ENABLE_PREVIEWS = YES;
				GENERATE_INFOPLIST_FILE = YES;
				INFOPLIST_FILE = "GrillTime-Pro-Watch-App-Watch-App-Info.plist";
				INFOPLIST_KEY_CFBundleDisplayName = "GrillTime Pro Watch App";
				INFOPLIST_KEY_CLKComplicationPrincipalClass = GrillTime_Pro_Watch_App_Watch_App.ComplicationController;
				INFOPLIST_KEY_CLKSupportedComplicationFamilies = CLKComplicationFamilyGraphicRectangular;
				INFOPLIST_KEY_UISupportedInterfaceOrientations = "UIInterfaceOrientationPortrait UIInterfaceOrientationPortraitUpsideDown";
				INFOPLIST_KEY_WKCompanionAppBundleIdentifier = com.jamesfarruggia.jfbbqtimer.dev;
				LD_RUNPATH_SEARCH_PATHS = (
					"$(inherited)",
					"@executable_path/Frameworks",
				);
				MARKETING_VERSION = 2.0;
				PRODUCT_BUNDLE_IDENTIFIER = com.jamesfarruggia.jfbbqtimer.dev.watchkitapp;
				PRODUCT_NAME = "$(TARGET_NAME)";
				SDKROOT = watchos;
				SKIP_INSTALL = YES;
				SWIFT_EMIT_LOC_STRINGS = YES;
				SWIFT_VERSION = 5.0;
				TARGETED_DEVICE_FAMILY = 4;
				WATCHOS_DEPLOYMENT_TARGET = 11.6;
			};
			name = Debug;
		};
		90389FDB2E529B11007EB2F8 /* Release */ = {
			isa = XCBuildConfiguration;
			buildSettings = {
				ASSETCATALOG_COMPILER_APPICON_NAME = AppIcon;
				ASSETCATALOG_COMPILER_GLOBAL_ACCENT_COLOR_NAME = AccentColor;
				CODE_SIGN_STYLE = Automatic;
				CURRENT_PROJECT_VERSION = 13;
				DEVELOPMENT_TEAM = CAVPE6S7T3;
				ENABLE_PREVIEWS = YES;
				GENERATE_INFOPLIST_FILE = YES;
				INFOPLIST_FILE = "GrillTime-Pro-Watch-App-Watch-App-Info.plist";
				INFOPLIST_KEY_CFBundleDisplayName = "GrillTime Pro Watch App";
				INFOPLIST_KEY_CLKComplicationPrincipalClass = GrillTime_Pro_Watch_App_Watch_App.ComplicationController;
				INFOPLIST_KEY_CLKSupportedComplicationFamilies = CLKComplicationFamilyGraphicRectangular;
				INFOPLIST_KEY_UISupportedInterfaceOrientations = "UIInterfaceOrientationPortrait UIInterfaceOrientationPortraitUpsideDown";
				INFOPLIST_KEY_WKCompanionAppBundleIdentifier = com.jamesfarruggia.jfbbqtimer.dev;
				LD_RUNPATH_SEARCH_PATHS = (
					"$(inherited)",
					"@executable_path/Frameworks",
				);
				MARKETING_VERSION = 2.0;
				PRODUCT_BUNDLE_IDENTIFIER = com.jamesfarruggia.jfbbqtimer.dev.watchkitapp;
				PRODUCT_NAME = "$(TARGET_NAME)";
				SDKROOT = watchos;
				SKIP_INSTALL = YES;
				SWIFT_EMIT_LOC_STRINGS = YES;
				SWIFT_VERSION = 5.0;
				TARGETED_DEVICE_FAMILY = 4;
				WATCHOS_DEPLOYMENT_TARGET = 11.6;
			};
			name = Release;
		};
		90389FDE2E529B11007EB2F8 /* Debug */ = {
			isa = XCBuildConfiguration;
			buildSettings = {
				BUNDLE_LOADER = "$(TEST_HOST)";
				CODE_SIGN_STYLE = Automatic;
				CURRENT_PROJECT_VERSION = 5;
				DEVELOPMENT_TEAM = CAVPE6S7T3;
				GENERATE_INFOPLIST_FILE = YES;
				MARKETING_VERSION = 1.0;
				PRODUCT_BUNDLE_IDENTIFIER = "com.jamesfarruggia.GrillTime-Pro-Watch-App-Watch-AppTests";
				PRODUCT_NAME = "$(TARGET_NAME)";
				SDKROOT = watchos;
				SWIFT_EMIT_LOC_STRINGS = NO;
				SWIFT_VERSION = 5.0;
				TARGETED_DEVICE_FAMILY = 4;
				TEST_HOST = "$(BUILT_PRODUCTS_DIR)/GrillTime Pro Watch App Watch App.app/$(BUNDLE_EXECUTABLE_FOLDER_PATH)/GrillTime Pro Watch App Watch App";
				WATCHOS_DEPLOYMENT_TARGET = 11.5;
			};
			name = Debug;
		};
		90389FDF2E529B11007EB2F8 /* Release */ = {
			isa = XCBuildConfiguration;
			buildSettings = {
				BUNDLE_LOADER = "$(TEST_HOST)";
				CODE_SIGN_STYLE = Automatic;
				CURRENT_PROJECT_VERSION = 5;
				DEVELOPMENT_TEAM = CAVPE6S7T3;
				GENERATE_INFOPLIST_FILE = YES;
				MARKETING_VERSION = 1.0;
				PRODUCT_BUNDLE_IDENTIFIER = "com.jamesfarruggia.GrillTime-Pro-Watch-App-Watch-AppTests";
				PRODUCT_NAME = "$(TARGET_NAME)";
				SDKROOT = watchos;
				SWIFT_EMIT_LOC_STRINGS = NO;
				SWIFT_VERSION = 5.0;
				TARGETED_DEVICE_FAMILY = 4;
				TEST_HOST = "$(BUILT_PRODUCTS_DIR)/GrillTime Pro Watch App Watch App.app/$(BUNDLE_EXECUTABLE_FOLDER_PATH)/GrillTime Pro Watch App Watch App";
				WATCHOS_DEPLOYMENT_TARGET = 11.5;
			};
			name = Release;
		};
		90389FE12E529B11007EB2F8 /* Debug */ = {
			isa = XCBuildConfiguration;
			buildSettings = {
				CODE_SIGN_STYLE = Automatic;
				CURRENT_PROJECT_VERSION = 5;
				DEVELOPMENT_TEAM = CAVPE6S7T3;
				GENERATE_INFOPLIST_FILE = YES;
				MARKETING_VERSION = 1.0;
				PRODUCT_BUNDLE_IDENTIFIER = "com.jamesfarruggia.GrillTime-Pro-Watch-App-Watch-AppUITests";
				PRODUCT_NAME = "$(TARGET_NAME)";
				SDKROOT = watchos;
				SWIFT_EMIT_LOC_STRINGS = NO;
				SWIFT_VERSION = 5.0;
				TARGETED_DEVICE_FAMILY = 4;
				TEST_TARGET_NAME = "GrillTime Pro Watch App Watch App";
				WATCHOS_DEPLOYMENT_TARGET = 11.5;
			};
			name = Debug;
		};
		90389FE22E529B11007EB2F8 /* Release */ = {
			isa = XCBuildConfiguration;
			buildSettings = {
				CODE_SIGN_STYLE = Automatic;
				CURRENT_PROJECT_VERSION = 5;
				DEVELOPMENT_TEAM = CAVPE6S7T3;
				GENERATE_INFOPLIST_FILE = YES;
				MARKETING_VERSION = 1.0;
				PRODUCT_BUNDLE_IDENTIFIER = "com.jamesfarruggia.GrillTime-Pro-Watch-App-Watch-AppUITests";
				PRODUCT_NAME = "$(TARGET_NAME)";
				SDKROOT = watchos;
				SWIFT_EMIT_LOC_STRINGS = NO;
				SWIFT_VERSION = 5.0;
				TARGETED_DEVICE_FAMILY = 4;
				TEST_TARGET_NAME = "GrillTime Pro Watch App Watch App";
				WATCHOS_DEPLOYMENT_TARGET = 11.5;
			};
			name = Release;
		};
/* End XCBuildConfiguration section */

/* Begin XCConfigurationList section */
		900062A92D9899DB0067F649 /* Build configuration list for PBXProject "JF BBQ Timer" */ = {
			isa = XCConfigurationList;
			buildConfigurations = (
				900062D02D9899DC0067F649 /* Debug */,
				900062D12D9899DC0067F649 /* Release */,
			);
			defaultConfigurationIsVisible = 0;
			defaultConfigurationName = Release;
		};
		900062D22D9899DC0067F649 /* Build configuration list for PBXNativeTarget "JF BBQ Timer" */ = {
			isa = XCConfigurationList;
			buildConfigurations = (
				900062D32D9899DC0067F649 /* Debug */,
				900062D42D9899DC0067F649 /* Release */,
			);
			defaultConfigurationIsVisible = 0;
			defaultConfigurationName = Release;
		};
		900062D52D9899DC0067F649 /* Build configuration list for PBXNativeTarget "JF BBQ TimerTests" */ = {
			isa = XCConfigurationList;
			buildConfigurations = (
				900062D62D9899DC0067F649 /* Debug */,
				900062D72D9899DC0067F649 /* Release */,
			);
			defaultConfigurationIsVisible = 0;
			defaultConfigurationName = Release;
		};
		900062D82D9899DC0067F649 /* Build configuration list for PBXNativeTarget "JF BBQ TimerUITests" */ = {
			isa = XCConfigurationList;
			buildConfigurations = (
				900062D92D9899DC0067F649 /* Debug */,
				900062DA2D9899DC0067F649 /* Release */,
			);
			defaultConfigurationIsVisible = 0;
			defaultConfigurationName = Release;
		};
		90389FD92E529B11007EB2F8 /* Build configuration list for PBXNativeTarget "GrillTime Pro Watch App Watch App" */ = {
			isa = XCConfigurationList;
			buildConfigurations = (
				90389FDA2E529B11007EB2F8 /* Debug */,
				90389FDB2E529B11007EB2F8 /* Release */,
			);
			defaultConfigurationIsVisible = 0;
			defaultConfigurationName = Release;
		};
		90389FDD2E529B11007EB2F8 /* Build configuration list for PBXNativeTarget "GrillTime Pro Watch App Watch AppTests" */ = {
			isa = XCConfigurationList;
			buildConfigurations = (
				90389FDE2E529B11007EB2F8 /* Debug */,
				90389FDF2E529B11007EB2F8 /* Release */,
			);
			defaultConfigurationIsVisible = 0;
			defaultConfigurationName = Release;
		};
		90389FE02E529B11007EB2F8 /* Build configuration list for PBXNativeTarget "GrillTime Pro Watch App Watch AppUITests" */ = {
			isa = XCConfigurationList;
			buildConfigurations = (
				90389FE12E529B11007EB2F8 /* Debug */,
				90389FE22E529B11007EB2F8 /* Release */,
			);
			defaultConfigurationIsVisible = 0;
			defaultConfigurationName = Release;
		};
/* End XCConfigurationList section */

/* Begin XCRemoteSwiftPackageReference section */
		90C443252E1628DB00818EC1 /* XCRemoteSwiftPackageReference "purchases-ios-spm" */ = {
			isa = XCRemoteSwiftPackageReference;
			repositoryURL = "https://github.com/RevenueCat/purchases-ios-spm.git";
			requirement = {
				kind = upToNextMajorVersion;
				minimumVersion = 5.30.0;
			};
		};
/* End XCRemoteSwiftPackageReference section */

/* Begin XCSwiftPackageProductDependency section */
		90C443262E1628DB00818EC1 /* RevenueCat */ = {
			isa = XCSwiftPackageProductDependency;
			package = 90C443252E1628DB00818EC1 /* XCRemoteSwiftPackageReference "purchases-ios-spm" */;
			productName = RevenueCat;
		};
		90C443282E1628DB00818EC1 /* RevenueCatUI */ = {
			isa = XCSwiftPackageProductDependency;
			package = 90C443252E1628DB00818EC1 /* XCRemoteSwiftPackageReference "purchases-ios-spm" */;
			productName = RevenueCatUI;
		};
/* End XCSwiftPackageProductDependency section */
	};
	rootObject = 900062A62D9899DB0067F649 /* Project object */;
}
