// !$*UTF8*$!
{
	archiveVersion = 1;
	classes = {
	};
	objectVersion = 77;
	objects = {

/* Begin PBXContainerItemProxy section */
		900062BF2D9899DC0067F649 /* PBXContainerItemProxy */ = {
			isa = PBXContainerItemProxy;
			containerPortal = 900062A62D9899DB0067F649 /* Project object */;
			proxyType = 1;
			remoteGlobalIDString = 900062AD2D9899DB0067F649;
			remoteInfo = "JF BBQ Timer";
		};
		900062C92D9899DC0067F649 /* PBXContainerItemProxy */ = {
			isa = PBXContainerItemProxy;
			containerPortal = 900062A62D9899DB0067F649 /* Project object */;
			proxyType = 1;
			remoteGlobalIDString = 900062AD2D9899DB0067F649;
			remoteInfo = "JF BBQ Timer";
		};
/* End PBXContainerItemProxy section */

/* Begin PBXFileReference section */
		900062AE2D9899DB0067F649 /* JF BBQ Timer.app */ = {isa = PBXFileReference; explicitFileType = wrapper.application; includeInIndex = 0; path = "JF BBQ Timer.app"; sourceTree = BUILT_PRODUCTS_DIR; };
		900062BE2D9899DC0067F649 /* JF BBQ TimerTests.xctest */ = {isa = PBXFileReference; explicitFileType = wrapper.cfbundle; includeInIndex = 0; path = "JF BBQ TimerTests.xctest"; sourceTree = BUILT_PRODUCTS_DIR; };
		900062C82D9899DC0067F649 /* JF BBQ TimerUITests.xctest */ = {isa = PBXFileReference; explicitFileType = wrapper.cfbundle; includeInIndex = 0; path = "JF BBQ TimerUITests.xctest"; sourceTree = BUILT_PRODUCTS_DIR; };
/* End PBXFileReference section */

/* Begin PBXFileSystemSynchronizedRootGroup section */
		900062B02D9899DB0067F649 /* JF BBQ Timer */ = {
			isa = PBXFileSystemSynchronizedRootGroup;
			path = "JF BBQ Timer";
			sourceTree = "<group>";
		};
		900062C12D9899DC0067F649 /* JF BBQ TimerTests */ = {
			isa = PBXFileSystemSynchronizedRootGroup;
			path = "JF BBQ TimerTests";
			sourceTree = "<group>";
		};
		900062CB2D9899DC0067F649 /* JF BBQ TimerUITests */ = {
			isa = PBXFileSystemSynchronizedRootGroup;
			path = "JF BBQ TimerUITests";
			sourceTree = "<group>";
		};
/* End PBXFileSystemSynchronizedRootGroup section */

/* Begin PBXFrameworksBuildPhase section */
		900062AB2D9899DB0067F649 /* Frameworks */ = {
			isa = PBXFrameworksBuildPhase;
			buildActionMask = 2147483647;
			files = (
			);
			runOnlyForDeploymentPostprocessing = 0;
		};
		900062BB2D9899DC0067F649 /* Frameworks */ = {
			isa = PBXFrameworksBuildPhase;
			buildActionMask = 2147483647;
			files = (
			);
			runOnlyForDeploymentPostprocessing = 0;
		};
		900062C52D9899DC0067F649 /* Frameworks */ = {
			isa = PBXFrameworksBuildPhase;
			buildActionMask = 2147483647;
			files = (
			);
			runOnlyForDeploymentPostprocessing = 0;
		};
/* End PBXFrameworksBuildPhase section */

/* Begin PBXGroup section */
		900062A52D9899DB0067F649 = {
			isa = PBXGroup;
			children = (
				900062B02D9899DB0067F649 /* JF BBQ Timer */,
				900062C12D9899DC0067F649 /* JF BBQ TimerTests */,
				900062CB2D9899DC0067F649 /* JF BBQ TimerUITests */,
				900062AF2D9899DB0067F649 /* Products */,
			);
			sourceTree = "<group>";
		};
		900062AF2D9899DB0067F649 /* Products */ = {
			isa = PBXGroup;
			children = (
				900062AE2D9899DB0067F649 /* JF BBQ Timer.app */,
				900062BE2D9899DC0067F649 /* JF BBQ TimerTests.xctest */,
				900062C82D9899DC0067F649 /* JF BBQ TimerUITests.xctest */,
			);
			name = Products;
			sourceTree = "<group>";
		};
/* End PBXGroup section */

/* Begin PBXNativeTarget section */
		900062AD2D9899DB0067F649 /* JF BBQ Timer */ = {
			isa = PBXNativeTarget;
			buildConfigurationList = 900062D22D9899DC0067F649 /* Build configuration list for PBXNativeTarget "JF BBQ Timer" */;
			buildPhases = (
				900062AA2D9899DB0067F649 /* Sources */,
				900062AB2D9899DB0067F649 /* Frameworks */,
				900062AC2D9899DB0067F649 /* Resources */,
			);
			buildRules = (
			);
			dependencies = (
			);
			fileSystemSynchronizedGroups = (
				900062B02D9899DB0067F649 /* JF BBQ Timer */,
			);
			name = "JF BBQ Timer";
			packageProductDependencies = (
			);
			productName = "JF BBQ Timer";
			productReference = 900062AE2D9899DB0067F649 /* JF BBQ Timer.app */;
			productType = "com.apple.product-type.application";
		};
		900062BD2D9899DC0067F649 /* JF BBQ TimerTests */ = {
			isa = PBXNativeTarget;
			buildConfigurationList = 900062D52D9899DC0067F649 /* Build configuration list for PBXNativeTarget "JF BBQ TimerTests" */;
			buildPhases = (
				900062BA2D9899DC0067F649 /* Sources */,
				900062BB2D9899DC0067F649 /* Frameworks */,
				900062BC2D9899DC0067F649 /* Resources */,
			);
			buildRules = (
			);
			dependencies = (
				900062C02D9899DC0067F649 /* PBXTargetDependency */,
			);
			fileSystemSynchronizedGroups = (
				900062C12D9899DC0067F649 /* JF BBQ TimerTests */,
			);
			name = "JF BBQ TimerTests";
			packageProductDependencies = (
			);
			productName = "JF BBQ TimerTests";
			productReference = 900062BE2D9899DC0067F649 /* JF BBQ TimerTests.xctest */;
			productType = "com.apple.product-type.bundle.unit-test";
		};
		900062C72D9899DC0067F649 /* JF BBQ TimerUITests */ = {
			isa = PBXNativeTarget;
			buildConfigurationList = 900062D82D9899DC0067F649 /* Build configuration list for PBXNativeTarget "JF BBQ TimerUITests" */;
			buildPhases = (
				900062C42D9899DC0067F649 /* Sources */,
				900062C52D9899DC0067F649 /* Frameworks */,
				900062C62D9899DC0067F649 /* Resources */,
			);
			buildRules = (
			);
			dependencies = (
				900062CA2D9899DC0067F649 /* PBXTargetDependency */,
			);
			fileSystemSynchronizedGroups = (
				900062CB2D9899DC0067F649 /* JF BBQ TimerUITests */,
			);
			name = "JF BBQ TimerUITests";
			packageProductDependencies = (
			);
			productName = "JF BBQ TimerUITests";
			productReference = 900062C82D9899DC0067F649 /* JF BBQ TimerUITests.xctest */;
			productType = "com.apple.product-type.bundle.ui-testing";
		};
/* End PBXNativeTarget section */

/* Begin PBXProject section */
		900062A62D9899DB0067F649 /* Project object */ = {
			isa = PBXProject;
			attributes = {
				BuildIndependentTargetsInParallel = 1;
				LastSwiftUpdateCheck = 1620;
				LastUpgradeCheck = 1620;
				TargetAttributes = {
					900062AD2D9899DB0067F649 = {
						CreatedOnToolsVersion = 16.2;
					};
					900062BD2D9899DC0067F649 = {
						CreatedOnToolsVersion = 16.2;
						TestTargetID = 900062AD2D9899DB0067F649;
					};
					900062C72D9899DC0067F649 = {
						CreatedOnToolsVersion = 16.2;
						TestTargetID = 900062AD2D9899DB0067F649;
					};
				};
			};
			buildConfigurationList = 900062A92D9899DB0067F649 /* Build configuration list for PBXProject "JF BBQ Timer" */;
			developmentRegion = en;
			hasScannedForEncodings = 0;
			knownRegions = (
				en,
				Base,
			);
			mainGroup = 900062A52D9899DB0067F649;
			minimizedProjectReferenceProxies = 1;
			preferredProjectObjectVersion = 77;
			productRefGroup = 900062AF2D9899DB0067F649 /* Products */;
			projectDirPath = "";
			projectRoot = "";
			targets = (
				900062AD2D9899DB0067F649 /* JF BBQ Timer */,
				900062BD2D9899DC0067F649 /* JF BBQ TimerTests */,
				900062C72D9899DC0067F649 /* JF BBQ TimerUITests */,
			);
		};
/* End PBXProject section */

/* Begin PBXResourcesBuildPhase section */
		900062AC2D9899DB0067F649 /* Resources */ = {
			isa = PBXResourcesBuildPhase;
			buildActionMask = 2147483647;
			files = (
			);
			runOnlyForDeploymentPostprocessing = 0;
		};
		900062BC2D9899DC0067F649 /* Resources */ = {
			isa = PBXResourcesBuildPhase;
			buildActionMask = 2147483647;
			files = (
			);
			runOnlyForDeploymentPostprocessing = 0;
		};
		900062C62D9899DC0067F649 /* Resources */ = {
			isa = PBXResourcesBuildPhase;
			buildActionMask = 2147483647;
			files = (
			);
			runOnlyForDeploymentPostprocessing = 0;
		};
/* End PBXResourcesBuildPhase section */

/* Begin PBXSourcesBuildPhase section */
		900062AA2D9899DB0067F649 /* Sources */ = {
			isa = PBXSourcesBuildPhase;
			buildActionMask = 2147483647;
			files = (
			);
			runOnlyForDeploymentPostprocessing = 0;
		};
		900062BA2D9899DC0067F649 /* Sources */ = {
			isa = PBXSourcesBuildPhase;
			buildActionMask = 2147483647;
			files = (
			);
			runOnlyForDeploymentPostprocessing = 0;
		};
		900062C42D9899DC0067F649 /* Sources */ = {
			isa = PBXSourcesBuildPhase;
			buildActionMask = 2147483647;
			files = (
			);
			runOnlyForDeploymentPostprocessing = 0;
		};
/* End PBXSourcesBuildPhase section */

/* Begin PBXTargetDependency section */
		900062C02D9899DC0067F649 /* PBXTargetDependency */ = {
			isa = PBXTargetDependency;
			target = 900062AD2D9899DB0067F649 /* JF BBQ Timer */;
			targetProxy = 900062BF2D9899DC0067F649 /* PBXContainerItemProxy */;
		};
		900062CA2D9899DC0067F649 /* PBXTargetDependency */ = {
			isa = PBXTargetDependency;
			target = 900062AD2D9899DB0067F649 /* JF BBQ Timer */;
			targetProxy = 900062C92D9899DC0067F649 /* PBXContainerItemProxy */;
		};
/* End PBXTargetDependency section */

/* Begin XCBuildConfiguration section */
		900062D02D9899DC0067F649 /* Debug */ = {
			isa = XCBuildConfiguration;
			buildSettings = {
				ALWAYS_SEARCH_USER_PATHS = NO;
				ASSETCATALOG_COMPILER_GENERATE_SWIFT_ASSET_SYMBOL_EXTENSIONS = YES;
				CLANG_ANALYZER_NONNULL = YES;
				CLANG_ANALYZER_NUMBER_OBJECT_CONVERSION = YES_AGGRESSIVE;
				CLANG_CXX_LANGUAGE_STANDARD = "gnu++20";
				CLANG_ENABLE_MODULES = YES;
				CLANG_ENABLE_OBJC_ARC = YES;
				CLANG_ENABLE_OBJC_WEAK = YES;
				CLANG_WARN_BLOCK_CAPTURE_AUTORELEASING = YES;
				CLANG_WARN_BOOL_CONVERSION = YES;
				CLANG_WARN_COMMA = YES;
				CLANG_WARN_CONSTANT_CONVERSION = YES;
				CLANG_WARN_DEPRECATED_OBJC_IMPLEMENTATIONS = YES;
				CLANG_WARN_DIRECT_OBJC_ISA_USAGE = YES_ERROR;
				CLANG_WARN_DOCUMENTATION_COMMENTS = YES;
				CLANG_WARN_EMPTY_BODY = YES;
				CLANG_WARN_ENUM_CONVERSION = YES;
				CLANG_WARN_INFINITE_RECURSION = YES;
				CLANG_WARN_INT_CONVERSION = YES;
				CLANG_WARN_NON_LITERAL_NULL_CONVERSION = YES;
				CLANG_WARN_OBJC_IMPLICIT_RETAIN_SELF = YES;
				CLANG_WARN_OBJC_LITERAL_CONVERSION = YES;
				CLANG_WARN_OBJC_ROOT_CLASS = YES_ERROR;
				CLANG_WARN_QUOTED_INCLUDE_IN_FRAMEWORK_HEADER = YES;
				CLANG_WARN_RANGE_LOOP_ANALYSIS = YES;
				CLANG_WARN_STRICT_PROTOTYPES = YES;
				CLANG_WARN_SUSPICIOUS_MOVE = YES;
				CLANG_WARN_UNGUARDED_AVAILABILITY = YES_AGGRESSIVE;
				CLANG_WARN_UNREACHABLE_CODE = YES;
				CLANG_WARN__DUPLICATE_METHOD_MATCH = YES;
				COPY_PHASE_STRIP = NO;
				DEBUG_INFORMATION_FORMAT = dwarf;
				ENABLE_STRICT_OBJC_MSGSEND = YES;
				ENABLE_TESTABILITY = YES;
				ENABLE_USER_SCRIPT_SANDBOXING = YES;
				GCC_C_LANGUAGE_STANDARD = gnu17;
				GCC_DYNAMIC_NO_PIC = NO;
				GCC_NO_COMMON_BLOCKS = YES;
				GCC_OPTIMIZATION_LEVEL = 0;
				GCC_PREPROCESSOR_DEFINITIONS = (
					"DEBUG=1",
					"$(inherited)",
				);
				GCC_WARN_64_TO_32_BIT_CONVERSION = YES;
				GCC_WARN_ABOUT_RETURN_TYPE = YES_ERROR;
				GCC_WARN_UNDECLARED_SELECTOR = YES;
				GCC_WARN_UNINITIALIZED_AUTOS = YES_AGGRESSIVE;
				GCC_WARN_UNUSED_FUNCTION = YES;
				GCC_WARN_UNUSED_VARIABLE = YES;
				IPHONEOS_DEPLOYMENT_TARGET = 18.2;
				LOCALIZATION_PREFERS_STRING_CATALOGS = YES;
				MTL_ENABLE_DEBUG_INFO = INCLUDE_SOURCE;
				MTL_FAST_MATH = YES;
				ONLY_ACTIVE_ARCH = YES;
				SDKROOT = iphoneos;
				SWIFT_ACTIVE_COMPILATION_CONDITIONS = "DEBUG $(inherited)";
				SWIFT_OPTIMIZATION_LEVEL = "-Onone";
			};
			name = Debug;
		};
		900062D12D9899DC0067F649 /* Release */ = {
			isa = XCBuildConfiguration;
			buildSettings = {
				ALWAYS_SEARCH_USER_PATHS = NO;
				ASSETCATALOG_COMPILER_GENERATE_SWIFT_ASSET_SYMBOL_EXTENSIONS = YES;
				CLANG_ANALYZER_NONNULL = YES;
				CLANG_ANALYZER_NUMBER_OBJECT_CONVERSION = YES_AGGRESSIVE;
				CLANG_CXX_LANGUAGE_STANDARD = "gnu++20";
				CLANG_ENABLE_MODULES = YES;
				CLANG_ENABLE_OBJC_ARC = YES;
				CLANG_ENABLE_OBJC_WEAK = YES;
				CLANG_WARN_BLOCK_CAPTURE_AUTORELEASING = YES;
				CLANG_WARN_BOOL_CONVERSION = YES;
				CLANG_WARN_COMMA = YES;
				CLANG_WARN_CONSTANT_CONVERSION = YES;
				CLANG_WARN_DEPRECATED_OBJC_IMPLEMENTATIONS = YES;
				CLANG_WARN_DIRECT_OBJC_ISA_USAGE = YES_ERROR;
				CLANG_WARN_DOCUMENTATION_COMMENTS = YES;
				CLANG_WARN_EMPTY_BODY = YES;
				CLANG_WARN_ENUM_CONVERSION = YES;
				CLANG_WARN_INFINITE_RECURSION = YES;
				CLANG_WARN_INT_CONVERSION = YES;
				CLANG_WARN_NON_LITERAL_NULL_CONVERSION = YES;
				CLANG_WARN_OBJC_IMPLICIT_RETAIN_SELF = YES;
				CLANG_WARN_OBJC_LITERAL_CONVERSION = YES;
				CLANG_WARN_OBJC_ROOT_CLASS = YES_ERROR;
				CLANG_WARN_QUOTED_INCLUDE_IN_FRAMEWORK_HEADER = YES;
				CLANG_WARN_RANGE_LOOP_ANALYSIS = YES;
				CLANG_WARN_STRICT_PROTOTYPES = YES;
				CLANG_WARN_SUSPICIOUS_MOVE = YES;
				CLANG_WARN_UNGUARDED_AVAILABILITY = YES_AGGRESSIVE;
				CLANG_WARN_UNREACHABLE_CODE = YES;
				CLANG_WARN__DUPLICATE_METHOD_MATCH = YES;
				COPY_PHASE_STRIP = NO;
				DEBUG_INFORMATION_FORMAT = "dwarf-with-dsym";
				ENABLE_NS_ASSERTIONS = NO;
				ENABLE_STRICT_OBJC_MSGSEND = YES;
				ENABLE_USER_SCRIPT_SANDBOXING = YES;
				GCC_C_LANGUAGE_STANDARD = gnu17;
				GCC_NO_COMMON_BLOCKS = YES;
				GCC_WARN_64_TO_32_BIT_CONVERSION = YES;
				GCC_WARN_ABOUT_RETURN_TYPE = YES_ERROR;
				GCC_WARN_UNDECLARED_SELECTOR = YES;
				GCC_WARN_UNINITIALIZED_AUTOS = YES_AGGRESSIVE;
				GCC_WARN_UNUSED_FUNCTION = YES;
				GCC_WARN_UNUSED_VARIABLE = YES;
				IPHONEOS_DEPLOYMENT_TARGET = 18.2;
				LOCALIZATION_PREFERS_STRING_CATALOGS = YES;
				MTL_ENABLE_DEBUG_INFO = NO;
				MTL_FAST_MATH = YES;
				SDKROOT = iphoneos;
				SWIFT_COMPILATION_MODE = wholemodule;
				VALIDATE_PRODUCT = YES;
			};
			name = Release;
		};
		900062D32D9899DC0067F649 /* Debug */ = {
			isa = XCBuildConfiguration;
			buildSettings = {
				ASSETCATALOG_COMPILER_APPICON_NAME = AppIcon;
				ASSETCATALOG_COMPILER_GLOBAL_ACCENT_COLOR_NAME = AccentColor;
				CODE_SIGN_STYLE = Automatic;
				CURRENT_PROJECT_VERSION = 1;
				DEVELOPMENT_ASSET_PATHS = "\"JF BBQ Timer/Preview Content\"";
				DEVELOPMENT_TEAM = CAVPE6S7T3;
				ENABLE_PREVIEWS = YES;
				GENERATE_INFOPLIST_FILE = YES;
				INFOPLIST_KEY_LSApplicationCategoryType = "public.app-category.lifestyle";
				INFOPLIST_KEY_UIApplicationSceneManifest_Generation = YES;
				INFOPLIST_KEY_UIApplicationSupportsIndirectInputEvents = YES;
				INFOPLIST_KEY_UILaunchScreen_Generation = YES;
				INFOPLIST_KEY_UISupportedInterfaceOrientations_iPad = "UIInterfaceOrientationPortrait UIInterfaceOrientationPortraitUpsideDown UIInterfaceOrientationLandscapeLeft UIInterfaceOrientationLandscapeRight";
				INFOPLIST_KEY_UISupportedInterfaceOrientations_iPhone = "UIInterfaceOrientationPortrait UIInterfaceOrientationLandscapeLeft UIInterfaceOrientationLandscapeRight";
				LD_RUNPATH_SEARCH_PATHS = (
					"$(inherited)",
					"@executable_path/Frameworks",
				);
				MARKETING_VERSION = 1.0;
				NEW_SETTING = "";
				PRODUCT_BUNDLE_IDENTIFIER = "com.jamesfarruggia.JF-BBQ-Timer";
				PRODUCT_NAME = "$(TARGET_NAME)";
				SWIFT_EMIT_LOC_STRINGS = YES;
				SWIFT_VERSION = 5.0;
				TARGETED_DEVICE_FAMILY = "1,2";
			};
			name = Debug;
		};
		900062D42D9899DC0067F649 /* Release */ = {
			isa = XCBuildConfiguration;
			buildSettings = {
				ASSETCATALOG_COMPILER_APPICON_NAME = AppIcon;
				ASSETCATALOG_COMPILER_GLOBAL_ACCENT_COLOR_NAME = AccentColor;
				CODE_SIGN_STYLE = Automatic;
				CURRENT_PROJECT_VERSION = 1;
				DEVELOPMENT_ASSET_PATHS = "\"JF BBQ Timer/Preview Content\"";
				DEVELOPMENT_TEAM = CAVPE6S7T3;
				ENABLE_PREVIEWS = YES;
				GENERATE_INFOPLIST_FILE = YES;
				INFOPLIST_KEY_LSApplicationCategoryType = "public.app-category.lifestyle";
				INFOPLIST_KEY_UIApplicationSceneManifest_Generation = YES;
				INFOPLIST_KEY_UIApplicationSupportsIndirectInputEvents = YES;
				INFOPLIST_KEY_UILaunchScreen_Generation = YES;
				INFOPLIST_KEY_UISupportedInterfaceOrientations_iPad = "UIInterfaceOrientationPortrait UIInterfaceOrientationPortraitUpsideDown UIInterfaceOrientationLandscapeLeft UIInterfaceOrientationLandscapeRight";
				INFOPLIST_KEY_UISupportedInterfaceOrientations_iPhone = "UIInterfaceOrientationPortrait UIInterfaceOrientationLandscapeLeft UIInterfaceOrientationLandscapeRight";
				LD_RUNPATH_SEARCH_PATHS = (
					"$(inherited)",
					"@executable_path/Frameworks",
				);
				MARKETING_VERSION = 1.0;
				NEW_SETTING = "";
				PRODUCT_BUNDLE_IDENTIFIER = "com.jamesfarruggia.JF-BBQ-Timer";
				PRODUCT_NAME = "$(TARGET_NAME)";
				SWIFT_EMIT_LOC_STRINGS = YES;
				SWIFT_VERSION = 5.0;
				TARGETED_DEVICE_FAMILY = "1,2";
			};
			name = Release;
		};
		900062D62D9899DC0067F649 /* Debug */ = {
			isa = XCBuildConfiguration;
			buildSettings = {
				BUNDLE_LOADER = "$(TEST_HOST)";
				CODE_SIGN_STYLE = Automatic;
				CURRENT_PROJECT_VERSION = 1;
				DEVELOPMENT_TEAM = CAVPE6S7T3;
				GENERATE_INFOPLIST_FILE = YES;
				IPHONEOS_DEPLOYMENT_TARGET = 18.2;
				MARKETING_VERSION = 1.0;
				PRODUCT_BUNDLE_IDENTIFIER = "com.jamesfarruggia.JF-BBQ-TimerTests";
				PRODUCT_NAME = "$(TARGET_NAME)";
				SWIFT_EMIT_LOC_STRINGS = NO;
				SWIFT_VERSION = 5.0;
				TARGETED_DEVICE_FAMILY = "1,2";
				TEST_HOST = "$(BUILT_PRODUCTS_DIR)/JF BBQ Timer.app/$(BUNDLE_EXECUTABLE_FOLDER_PATH)/JF BBQ Timer";
			};
			name = Debug;
		};
		900062D72D9899DC0067F649 /* Release */ = {
			isa = XCBuildConfiguration;
			buildSettings = {
				BUNDLE_LOADER = "$(TEST_HOST)";
				CODE_SIGN_STYLE = Automatic;
				CURRENT_PROJECT_VERSION = 1;
				DEVELOPMENT_TEAM = CAVPE6S7T3;
				GENERATE_INFOPLIST_FILE = YES;
				IPHONEOS_DEPLOYMENT_TARGET = 18.2;
				MARKETING_VERSION = 1.0;
				PRODUCT_BUNDLE_IDENTIFIER = "com.jamesfarruggia.JF-BBQ-TimerTests";
				PRODUCT_NAME = "$(TARGET_NAME)";
				SWIFT_EMIT_LOC_STRINGS = NO;
				SWIFT_VERSION = 5.0;
				TARGETED_DEVICE_FAMILY = "1,2";
				TEST_HOST = "$(BUILT_PRODUCTS_DIR)/JF BBQ Timer.app/$(BUNDLE_EXECUTABLE_FOLDER_PATH)/JF BBQ Timer";
			};
			name = Release;
		};
		900062D92D9899DC0067F649 /* Debug */ = {
			isa = XCBuildConfiguration;
			buildSettings = {
				CODE_SIGN_STYLE = Automatic;
				CURRENT_PROJECT_VERSION = 1;
				DEVELOPMENT_TEAM = CAVPE6S7T3;
				GENERATE_INFOPLIST_FILE = YES;
				MARKETING_VERSION = 1.0;
				PRODUCT_BUNDLE_IDENTIFIER = "com.jamesfarruggia.JF-BBQ-TimerUITests";
				PRODUCT_NAME = "$(TARGET_NAME)";
				SWIFT_EMIT_LOC_STRINGS = NO;
				SWIFT_VERSION = 5.0;
				TARGETED_DEVICE_FAMILY = "1,2";
				TEST_TARGET_NAME = "JF BBQ Timer";
			};
			name = Debug;
		};
		900062DA2D9899DC0067F649 /* Release */ = {
			isa = XCBuildConfiguration;
			buildSettings = {
				CODE_SIGN_STYLE = Automatic;
				CURRENT_PROJECT_VERSION = 1;
				DEVELOPMENT_TEAM = CAVPE6S7T3;
				GENERATE_INFOPLIST_FILE = YES;
				MARKETING_VERSION = 1.0;
				PRODUCT_BUNDLE_IDENTIFIER = "com.jamesfarruggia.JF-BBQ-TimerUITests";
				PRODUCT_NAME = "$(TARGET_NAME)";
				SWIFT_EMIT_LOC_STRINGS = NO;
				SWIFT_VERSION = 5.0;
				TARGETED_DEVICE_FAMILY = "1,2";
				TEST_TARGET_NAME = "JF BBQ Timer";
			};
			name = Release;
		};
/* End XCBuildConfiguration section */

/* Begin XCConfigurationList section */
		900062A92D9899DB0067F649 /* Build configuration list for PBXProject "JF BBQ Timer" */ = {
			isa = XCConfigurationList;
			buildConfigurations = (
				900062D02D9899DC0067F649 /* Debug */,
				900062D12D9899DC0067F649 /* Release */,
			);
			defaultConfigurationIsVisible = 0;
			defaultConfigurationName = Release;
		};
		900062D22D9899DC0067F649 /* Build configuration list for PBXNativeTarget "JF BBQ Timer" */ = {
			isa = XCConfigurationList;
			buildConfigurations = (
				900062D32D9899DC0067F649 /* Debug */,
				900062D42D9899DC0067F649 /* Release */,
			);
			defaultConfigurationIsVisible = 0;
			defaultConfigurationName = Release;
		};
		900062D52D9899DC0067F649 /* Build configuration list for PBXNativeTarget "JF BBQ TimerTests" */ = {
			isa = XCConfigurationList;
			buildConfigurations = (
				900062D62D9899DC0067F649 /* Debug */,
				900062D72D9899DC0067F649 /* Release */,
			);
			defaultConfigurationIsVisible = 0;
			defaultConfigurationName = Release;
		};
		900062D82D9899DC0067F649 /* Build configuration list for PBXNativeTarget "JF BBQ TimerUITests" */ = {
			isa = XCConfigurationList;
			buildConfigurations = (
				900062D92D9899DC0067F649 /* Debug */,
				900062DA2D9899DC0067F649 /* Release */,
			);
			defaultConfigurationIsVisible = 0;
			defaultConfigurationName = Release;
		};
/* End XCConfigurationList section */
	};
	rootObject = 900062A62D9899DB0067F649 /* Project object */;
}
